
Microsoft Visual Studio Solution File, Format Version 12.00
# Visual Studio Version 17
VisualStudioVersion = 17.0.31903.59
MinimumVisualStudioVersion = 10.0.40219.1
Project("{FAE04EC0-301F-11D3-BF4B-00C04F79EFBC}") = "CloudWeather.Precipitation", "CloudWeather.Precipitation\CloudWeather.Precipitation.csproj", "{B582EA0E-8A3A-4D1E-8C18-534ADEBEE422}"
EndProject
Project("{FAE04EC0-301F-11D3-BF4B-00C04F79EFBC}") = "CloudWeather.Report", "CloudWeather.Report\CloudWeather.Report.csproj", "{34E9316B-7EEE-4C81-8A4A-7B7347B62364}"
EndProject
Project("{FAE04EC0-301F-11D3-BF4B-00C04F79EFBC}") = "CloudWeather.Temperature", "CloudWeather.Temperature\CloudWeather.Temperature.csproj", "{F5A01CCB-21F8-490C-90C4-038E3F6089EF}"
EndProject
Project("{FAE04EC0-301F-11D3-BF4B-00C04F79EFBC}") = "CloudWeather.DataLoader", "CloudWeather.DataLoader\CloudWeather.DataLoader.csproj", "{5DBE36D2-975F-45CB-AC71-C7DC077F21D7}"
EndProject
Global
	GlobalSection(SolutionConfigurationPlatforms) = preSolution
		Debug|Any CPU = Debug|Any CPU
		Release|Any CPU = Release|Any CPU
	EndGlobalSection
	GlobalSection(ProjectConfigurationPlatforms) = postSolution
		{B582EA0E-8A3A-4D1E-8C18-534ADEBEE422}.Debug|Any CPU.ActiveCfg = Debug|Any CPU
		{B582EA0E-8A3A-4D1E-8C18-534ADEBEE422}.Debug|Any CPU.Build.0 = Debug|Any CPU
		{B582EA0E-8A3A-4D1E-8C18-534ADEBEE422}.Release|Any CPU.ActiveCfg = Release|Any CPU
		{B582EA0E-8A3A-4D1E-8C18-534ADEBEE422}.Release|Any CPU.Build.0 = Release|Any CPU
		{34E9316B-7EEE-4C81-8A4A-7B7347B62364}.Debug|Any CPU.ActiveCfg = Debug|Any CPU
		{34E9316B-7EEE-4C81-8A4A-7B7347B62364}.Debug|Any CPU.Build.0 = Debug|Any CPU
		{34E9316B-7EEE-4C81-8A4A-7B7347B62364}.Release|Any CPU.ActiveCfg = Release|Any CPU
		{34E9316B-7EEE-4C81-8A4A-7B7347B62364}.Release|Any CPU.Build.0 = Release|Any CPU
		{F5A01CCB-21F8-490C-90C4-038E3F6089EF}.Debug|Any CPU.ActiveCfg = Debug|Any CPU
		{F5A01CCB-21F8-490C-90C4-038E3F6089EF}.Debug|Any CPU.Build.0 = Debug|Any CPU
		{F5A01CCB-21F8-490C-90C4-038E3F6089EF}.Release|Any CPU.ActiveCfg = Release|Any CPU
		{F5A01CCB-21F8-490C-90C4-038E3F6089EF}.Release|Any CPU.Build.0 = Release|Any CPU
		{5DBE36D2-975F-45CB-AC71-C7DC077F21D7}.Debug|Any CPU.ActiveCfg = Debug|Any CPU
		{5DBE36D2-975F-45CB-AC71-C7DC077F21D7}.Debug|Any CPU.Build.0 = Debug|Any CPU
		{5DBE36D2-975F-45CB-AC71-C7DC077F21D7}.Release|Any CPU.ActiveCfg = Release|Any CPU
		{5DBE36D2-975F-45CB-AC71-C7DC077F21D7}.Release|Any CPU.Build.0 = Release|Any CPU
	EndGlobalSection
	GlobalSection(SolutionProperties) = preSolution
		HideSolutionNode = FALSE
	EndGlobalSection
	GlobalSection(ExtensibilityGlobals) = postSolution
		SolutionGuid = {97CA57B8-959B-4767-B88D-407D909460F2}
	EndGlobalSection
EndGlobal
